<?xml version="1.0" encoding="utf-8"?>
<Project ToolsVersion="4.0" xmlns="http://schemas.microsoft.com/developer/msbuild/2003">
  <ItemGroup>
    <ClCompile Include="..\..\src\camera.cpp" />
    <ClCompile Include="..\..\src\game.cpp" />
    <ClCompile Include="..\..\src\main.cpp" />
    <ClCompile Include="..\..\src\extra\textparser.cpp">
      <Filter>extra</Filter>
    </ClCompile>
    <ClCompile Include="..\..\src\extra\coldet\box.cpp">
      <Filter>extra\coldet</Filter>
    </ClCompile>
    <ClCompile Include="..\..\src\extra\coldet\box_bld.cpp">
      <Filter>extra\coldet</Filter>
    </ClCompile>
    <ClCompile Include="..\..\src\extra\coldet\coldet.cpp">
      <Filter>extra\coldet</Filter>
    </ClCompile>
    <ClCompile Include="..\..\src\extra\coldet\coldet_bld.cpp">
      <Filter>extra\coldet</Filter>
    </ClCompile>
    <ClCompile Include="..\..\src\extra\coldet\math3d.cpp">
      <Filter>extra\coldet</Filter>
    </ClCompile>
    <ClCompile Include="..\..\src\extra\coldet\mytritri.cpp">
      <Filter>extra\coldet</Filter>
    </ClCompile>
    <ClCompile Include="..\..\src\extra\coldet\sysdep.cpp">
      <Filter>extra\coldet</Filter>
    </ClCompile>
    <ClCompile Include="..\..\src\extra\coldet\tritri.c">
      <Filter>extra\coldet</Filter>
    </ClCompile>
    <ClCompile Include="..\..\src\extra\picopng.cpp">
      <Filter>extra</Filter>
    </ClCompile>
    <ClCompile Include="..\..\src\fbo.cpp">
      <Filter>gfx</Filter>
    </ClCompile>
    <ClCompile Include="..\..\src\rendertotexture.cpp">
      <Filter>gfx</Filter>
    </ClCompile>
    <ClCompile Include="..\..\src\texture.cpp">
      <Filter>gfx</Filter>
    </ClCompile>
    <ClCompile Include="..\..\src\shader.cpp">
      <Filter>gfx</Filter>
    </ClCompile>
    <ClCompile Include="..\..\src\mesh.cpp">
      <Filter>gfx</Filter>
    </ClCompile>
    <ClCompile Include="..\..\src\framework.cpp">
      <Filter>utils</Filter>
    </ClCompile>
    <ClCompile Include="..\..\src\utils.cpp">
      <Filter>utils</Filter>
    </ClCompile>
    <ClCompile Include="..\..\src\input.cpp">
      <Filter>utils</Filter>
    </ClCompile>
    <ClCompile Include="..\..\src\animation.cpp">
      <Filter>gfx</Filter>
    </ClCompile>
    <ClCompile Include="..\..\src\scene.cpp" />
    <ClCompile Include="..\..\src\entityMesh.cpp">
      <Filter>Entities</Filter>
    </ClCompile>
    <ClCompile Include="..\..\src\entityPlayer.cpp">
      <Filter>Entities</Filter>
    </ClCompile>
    <ClCompile Include="..\..\src\entity.cpp">
      <Filter>Entities</Filter>
    </ClCompile>
    <ClCompile Include="..\..\src\entityWheel.cpp">
      <Filter>Entities</Filter>
    </ClCompile>
    <ClCompile Include="..\..\src\material.cpp">
      <Filter>gfx</Filter>
    </ClCompile>
    <ClCompile Include="..\..\src\light.cpp">
      <Filter>gfx</Filter>
    </ClCompile>
    <ClCompile Include="..\..\src\world.cpp" />
    <ClCompile Include="..\..\src\entityEnemy.cpp">
      <Filter>Entities</Filter>
    </ClCompile>
    <ClCompile Include="..\..\src\stageGame.cpp">
      <Filter>Stages</Filter>
    </ClCompile>
    <ClCompile Include="..\..\src\map.cpp" />
    <ClCompile Include="..\..\src\objects.cpp" />
    <ClCompile Include="..\..\src\entityGuiInGame.cpp">
      <Filter>gui</Filter>
    </ClCompile>
    <ClCompile Include="..\..\src\entityGui.cpp">
      <Filter>gui</Filter>
    </ClCompile>
    <ClCompile Include="..\..\src\entityGuiMenu.cpp">
      <Filter>gui</Filter>
    </ClCompile>
    <ClCompile Include="..\..\src\stageMenu.cpp">
      <Filter>Stages</Filter>
    </ClCompile>
    <ClCompile Include="..\..\src\stageLevel.cpp">
      <Filter>Stages</Filter>
    </ClCompile>
    <ClCompile Include="..\..\src\stagePause.cpp">
      <Filter>Stages</Filter>
    </ClCompile>
    <ClCompile Include="..\..\src\entityGuiText.cpp">
      <Filter>gui</Filter>
    </ClCompile>
    <ClCompile Include="..\..\src\stageControls.cpp">
      <Filter>Stages</Filter>
    </ClCompile>
    <ClCompile Include="..\..\src\stageTutorial.cpp">
      <Filter>Stages</Filter>
    </ClCompile>
    <ClCompile Include="..\..\src\stageLevelFail.cpp">
      <Filter>Stages</Filter>
    </ClCompile>
    <ClCompile Include="..\..\src\stageNextLevel.cpp">
      <Filter>Stages</Filter>
    </ClCompile>
    <ClCompile Include="..\..\src\stageWin.cpp">
      <Filter>Stages</Filter>
    </ClCompile>
    <ClCompile Include="..\..\src\sound.cpp" />
    <ClCompile Include="..\..\src\stageIntro.cpp">
      <Filter>Stages</Filter>
    </ClCompile>
  </ItemGroup>
  <ItemGroup>
    <ClInclude Include="..\..\src\camera.h" />
    <ClInclude Include="..\..\src\game.h" />
    <ClInclude Include="..\..\src\extra\textparser.h">
      <Filter>extra</Filter>
    </ClInclude>
    <ClInclude Include="..\..\src\extra\coldet\box.h">
      <Filter>extra\coldet</Filter>
    </ClInclude>
    <ClInclude Include="..\..\src\extra\coldet\coldet.h">
      <Filter>extra\coldet</Filter>
    </ClInclude>
    <ClInclude Include="..\..\src\extra\coldet\coldetimpl.h">
      <Filter>extra\coldet</Filter>
    </ClInclude>
    <ClInclude Include="..\..\src\extra\coldet\math3d.h">
      <Filter>extra\coldet</Filter>
    </ClInclude>
    <ClInclude Include="..\..\src\extra\coldet\mytritri.h">
      <Filter>extra\coldet</Filter>
    </ClInclude>
    <ClInclude Include="..\..\src\extra\coldet\sysdep.h">
      <Filter>extra\coldet</Filter>
    </ClInclude>
    <ClInclude Include="..\..\src\extra\picopng.h">
      <Filter>extra</Filter>
    </ClInclude>
    <ClInclude Include="..\..\src\fbo.h">
      <Filter>gfx</Filter>
    </ClInclude>
    <ClInclude Include="..\..\src\rendertotexture.h">
      <Filter>gfx</Filter>
    </ClInclude>
    <ClInclude Include="..\..\src\texture.h">
      <Filter>gfx</Filter>
    </ClInclude>
    <ClInclude Include="..\..\src\shader.h">
      <Filter>gfx</Filter>
    </ClInclude>
    <ClInclude Include="..\..\src\mesh.h">
      <Filter>gfx</Filter>
    </ClInclude>
    <ClInclude Include="..\..\src\framework.h">
      <Filter>utils</Filter>
    </ClInclude>
    <ClInclude Include="..\..\src\utils.h">
      <Filter>utils</Filter>
    </ClInclude>
    <ClInclude Include="..\..\src\includes.h">
      <Filter>utils</Filter>
    </ClInclude>
    <ClInclude Include="..\..\src\input.h">
      <Filter>utils</Filter>
    </ClInclude>
    <ClInclude Include="..\..\src\animation.h">
      <Filter>gfx</Filter>
    </ClInclude>
    <ClInclude Include="..\..\src\scene.h" />
    <ClInclude Include="..\..\src\entityMesh.h">
      <Filter>Entities</Filter>
    </ClInclude>
    <ClInclude Include="..\..\src\entity.h">
      <Filter>Entities</Filter>
    </ClInclude>
    <ClInclude Include="..\..\src\entityPlayer.h">
      <Filter>Entities</Filter>
    </ClInclude>
    <ClInclude Include="..\..\src\entityWheel.h">
      <Filter>Entities</Filter>
    </ClInclude>
    <ClInclude Include="..\..\src\material.h">
      <Filter>gfx</Filter>
    </ClInclude>
    <ClInclude Include="..\..\src\light.h">
      <Filter>gfx</Filter>
    </ClInclude>
    <ClInclude Include="..\..\src\world.h" />
    <ClInclude Include="..\..\src\entityEnemy.h">
      <Filter>Entities</Filter>
    </ClInclude>
    <ClInclude Include="..\..\src\stage.h">
      <Filter>Stages</Filter>
    </ClInclude>
    <ClInclude Include="..\..\src\stageGame.h">
      <Filter>Stages</Filter>
    </ClInclude>
    <ClInclude Include="..\..\src\map.h" />
    <ClInclude Include="..\..\src\objects.h" />
    <ClInclude Include="..\..\src\entityGuiInGame.h">
      <Filter>gui</Filter>
    </ClInclude>
    <ClInclude Include="..\..\src\entityGui.h">
      <Filter>gui</Filter>
    </ClInclude>
    <ClInclude Include="..\..\src\entityGuiMenu.h">
      <Filter>gui</Filter>
    </ClInclude>
    <ClInclude Include="..\..\src\stageMenu.h">
      <Filter>Stages</Filter>
    </ClInclude>
    <ClInclude Include="..\..\src\stageLevel.h">
      <Filter>Stages</Filter>
    </ClInclude>
    <ClInclude Include="..\..\src\stagePause.h">
      <Filter>Stages</Filter>
    </ClInclude>
    <ClInclude Include="..\..\src\entityGuiText.h">
      <Filter>gui</Filter>
    </ClInclude>
    <ClInclude Include="..\..\src\stageControls.h">
      <Filter>Stages</Filter>
    </ClInclude>
    <ClInclude Include="..\..\src\stageTutorial.h">
      <Filter>Stages</Filter>
    </ClInclude>
    <ClInclude Include="..\..\src\stageLevelFail.h">
      <Filter>Stages</Filter>
    </ClInclude>
    <ClInclude Include="..\..\src\stageNextLevel.h">
      <Filter>Stages</Filter>
    </ClInclude>
    <ClInclude Include="..\..\src\stageWin.h">
      <Filter>Stages</Filter>
    </ClInclude>
    <ClInclude Include="..\..\src\sound.h" />
    <ClInclude Include="..\..\src\stageIntro.h">
      <Filter>Stages</Filter>
    </ClInclude>
  </ItemGroup>
  <ItemGroup>
    <Filter Include="gfx">
      <UniqueIdentifier>{12f641db-a3cf-408b-ba79-f173c3a1594d}</UniqueIdentifier>
    </Filter>
    <Filter Include="utils">
      <UniqueIdentifier>{feb78646-9d96-43df-8d00-2397429ea3ef}</UniqueIdentifier>
    </Filter>
    <Filter Include="Entities">
      <UniqueIdentifier>{c9d1fb52-d077-4e57-8a12-4826bb62f232}</UniqueIdentifier>
    </Filter>
    <Filter Include="extra">
      <UniqueIdentifier>{0193360c-cb30-415b-af36-3a964b4283cc}</UniqueIdentifier>
    </Filter>
    <Filter Include="extra\coldet">
      <UniqueIdentifier>{9fb2af86-1d0f-47da-9841-0d09fb2479f8}</UniqueIdentifier>
    </Filter>
    <Filter Include="Stages">
      <UniqueIdentifier>{36c9d153-c399-4020-ab6b-a48f23cf2d36}</UniqueIdentifier>
    </Filter>
    <Filter Include="gui">
      <UniqueIdentifier>{d7de8656-6180-4f4b-9b7e-744546d6ef16}</UniqueIdentifier>
    </Filter>
  </ItemGroup>
</Project>